
Microsoft Visual Studio Solution File, Format Version 12.00
# Visual Studio Version 17
VisualStudioVersion = 17.10.35013.160
MinimumVisualStudioVersion = 10.0.40219.1
Project("{2150E333-8FDC-42A3-9474-1A3956D46DE8}") = "Db", "Db", "{C1CD0BF1-8FBC-4AC4-B625-1781F8E24511}"
EndProject
Project("{2150E333-8FDC-42A3-9474-1A3956D46DE8}") = "Test", "Test", "{BA510D8A-3134-4CCE-BD1D-8683B6DB1679}"
EndProject
Project("{2150E333-8FDC-42A3-9474-1A3956D46DE8}") = "Models", "Models", "{F9739515-C0EF-40A0-8CAF-0EBAF7CE5607}"
EndProject
Project("{9A19103F-16F7-4668-BE54-9A1E7A4F7556}") = "Qel.Ef.Models", "Db\Qel.Ef.Models\Qel.Ef.Models.csproj", "{D1D4319A-DDF0-40D7-8174-A77777929054}"
EndProject
Project("{9A19103F-16F7-4668-BE54-9A1E7A4F7556}") = "Qel.Ef.Contexts", "Db\Qel.Ef.Contexts\Qel.Ef.Contexts.csproj", "{41B38B41-DFC4-4961-9A6E-E445B91A3C2A}"
EndProject
Project("{2150E333-8FDC-42A3-9474-1A3956D46DE8}") = "Providers", "Providers", "{A466E1E4-58C4-4E46-B05A-3BE27AB95509}"
EndProject
Project("{9A19103F-16F7-4668-BE54-9A1E7A4F7556}") = "Qel.Ef.Providers.Sqlite", "Db\Providers\Qel.Ef.Providers.Sqlite\Qel.Ef.Providers.Sqlite.csproj", "{7E3289D2-8FB9-4588-B86A-CCFCE6699CE9}"
EndProject
Project("{9A19103F-16F7-4668-BE54-9A1E7A4F7556}") = "Qel.Ef.Providers.Postgres", "Db\Providers\Qel.Ef.Providers.Postgres\Qel.Ef.Providers.Postgres.csproj", "{D2289E62-CBE1-40DD-BA24-4DB4AEB735D1}"
EndProject
Project("{FAE04EC0-301F-11D3-BF4B-00C04F79EFBC}") = "Qel.Ef.Providers.Common", "Qel.Ef.Providers.Common\Qel.Ef.Providers.Common.csproj", "{062BDB46-02F7-494E-A63F-923672B923FA}"
EndProject
Global
	GlobalSection(SolutionConfigurationPlatforms) = preSolution
		Debug|Any CPU = Debug|Any CPU
		Release|Any CPU = Release|Any CPU
	EndGlobalSection
	GlobalSection(ProjectConfigurationPlatforms) = postSolution
		{D1D4319A-DDF0-40D7-8174-A77777929054}.Debug|Any CPU.ActiveCfg = Debug|Any CPU
		{D1D4319A-DDF0-40D7-8174-A77777929054}.Debug|Any CPU.Build.0 = Debug|Any CPU
		{D1D4319A-DDF0-40D7-8174-A77777929054}.Release|Any CPU.ActiveCfg = Release|Any CPU
		{D1D4319A-DDF0-40D7-8174-A77777929054}.Release|Any CPU.Build.0 = Release|Any CPU
		{41B38B41-DFC4-4961-9A6E-E445B91A3C2A}.Debug|Any CPU.ActiveCfg = Debug|Any CPU
		{41B38B41-DFC4-4961-9A6E-E445B91A3C2A}.Debug|Any CPU.Build.0 = Debug|Any CPU
		{41B38B41-DFC4-4961-9A6E-E445B91A3C2A}.Release|Any CPU.ActiveCfg = Release|Any CPU
		{41B38B41-DFC4-4961-9A6E-E445B91A3C2A}.Release|Any CPU.Build.0 = Release|Any CPU
		{7E3289D2-8FB9-4588-B86A-CCFCE6699CE9}.Debug|Any CPU.ActiveCfg = Debug|Any CPU
		{7E3289D2-8FB9-4588-B86A-CCFCE6699CE9}.Debug|Any CPU.Build.0 = Debug|Any CPU
		{7E3289D2-8FB9-4588-B86A-CCFCE6699CE9}.Release|Any CPU.ActiveCfg = Release|Any CPU
		{7E3289D2-8FB9-4588-B86A-CCFCE6699CE9}.Release|Any CPU.Build.0 = Release|Any CPU
		{D2289E62-CBE1-40DD-BA24-4DB4AEB735D1}.Debug|Any CPU.ActiveCfg = Debug|Any CPU
		{D2289E62-CBE1-40DD-BA24-4DB4AEB735D1}.Debug|Any CPU.Build.0 = Debug|Any CPU
		{D2289E62-CBE1-40DD-BA24-4DB4AEB735D1}.Release|Any CPU.ActiveCfg = Release|Any CPU
		{D2289E62-CBE1-40DD-BA24-4DB4AEB735D1}.Release|Any CPU.Build.0 = Release|Any CPU
		{062BDB46-02F7-494E-A63F-923672B923FA}.Debug|Any CPU.ActiveCfg = Debug|Any CPU
		{062BDB46-02F7-494E-A63F-923672B923FA}.Debug|Any CPU.Build.0 = Debug|Any CPU
		{062BDB46-02F7-494E-A63F-923672B923FA}.Release|Any CPU.ActiveCfg = Release|Any CPU
		{062BDB46-02F7-494E-A63F-923672B923FA}.Release|Any CPU.Build.0 = Release|Any CPU
	EndGlobalSection
	GlobalSection(SolutionProperties) = preSolution
		HideSolutionNode = FALSE
	EndGlobalSection
	GlobalSection(NestedProjects) = preSolution
		{D1D4319A-DDF0-40D7-8174-A77777929054} = {C1CD0BF1-8FBC-4AC4-B625-1781F8E24511}
		{41B38B41-DFC4-4961-9A6E-E445B91A3C2A} = {C1CD0BF1-8FBC-4AC4-B625-1781F8E24511}
		{A466E1E4-58C4-4E46-B05A-3BE27AB95509} = {C1CD0BF1-8FBC-4AC4-B625-1781F8E24511}
		{7E3289D2-8FB9-4588-B86A-CCFCE6699CE9} = {A466E1E4-58C4-4E46-B05A-3BE27AB95509}
		{D2289E62-CBE1-40DD-BA24-4DB4AEB735D1} = {A466E1E4-58C4-4E46-B05A-3BE27AB95509}
		{062BDB46-02F7-494E-A63F-923672B923FA} = {A466E1E4-58C4-4E46-B05A-3BE27AB95509}
	EndGlobalSection
	GlobalSection(ExtensibilityGlobals) = postSolution
		SolutionGuid = {9BFF06EB-4E48-4C0A-9A77-540C0E1FB67A}
	EndGlobalSection
EndGlobal
