
Microsoft Visual Studio Solution File, Format Version 12.00
# Visual Studio Version 17
VisualStudioVersion = 17.10.35013.160
MinimumVisualStudioVersion = 10.0.40219.1
Project("{2150E333-8FDC-42A3-9474-1A3956D46DE8}") = "Db", "Db", "{C1CD0BF1-8FBC-4AC4-B625-1781F8E24511}"
EndProject
Project("{2150E333-8FDC-42A3-9474-1A3956D46DE8}") = "Source", "Source", "{BA510D8A-3134-4CCE-BD1D-8683B6DB1679}"
EndProject
Project("{9A19103F-16F7-4668-BE54-9A1E7A4F7556}") = "Qel.Ef.Models", "Db\Qel.Ef.Models\Qel.Ef.Models.csproj", "{D1D4319A-DDF0-40D7-8174-A77777929054}"
EndProject
Project("{9A19103F-16F7-4668-BE54-9A1E7A4F7556}") = "Qel.Ef.Contexts", "Db\Qel.Ef.Contexts\Qel.Ef.Contexts.csproj", "{41B38B41-DFC4-4961-9A6E-E445B91A3C2A}"
EndProject
Project("{2150E333-8FDC-42A3-9474-1A3956D46DE8}") = "Providers", "Providers", "{A466E1E4-58C4-4E46-B05A-3BE27AB95509}"
EndProject
Project("{9A19103F-16F7-4668-BE54-9A1E7A4F7556}") = "Qel.Ef.Providers.Sqlite", "Db\Providers\Qel.Ef.Providers.Sqlite\Qel.Ef.Providers.Sqlite.csproj", "{7E3289D2-8FB9-4588-B86A-CCFCE6699CE9}"
EndProject
Project("{9A19103F-16F7-4668-BE54-9A1E7A4F7556}") = "Qel.Ef.Providers.Postgres", "Db\Providers\Qel.Ef.Providers.Postgres\Qel.Ef.Providers.Postgres.csproj", "{D2289E62-CBE1-40DD-BA24-4DB4AEB735D1}"
EndProject
Project("{9A19103F-16F7-4668-BE54-9A1E7A4F7556}") = "Qel.Ef.Providers.Common", "Db\Providers\Qel.Ef.Providers.Common\Qel.Ef.Providers.Common.csproj", "{BA486A86-2568-4128-99AF-CD0BEB4947B1}"
EndProject
Project("{2150E333-8FDC-42A3-9474-1A3956D46DE8}") = "Common", "Common", "{FCD5B5C7-207D-46E6-BC38-0B2C824C5FA6}"
EndProject
Project("{9A19103F-16F7-4668-BE54-9A1E7A4F7556}") = "Qel.Common.Path", "Common\Qel.Common.Path\Qel.Common.Path.csproj", "{5B74739C-1B56-4C65-943F-C79DD95DBE63}"
EndProject
Project("{2150E333-8FDC-42A3-9474-1A3956D46DE8}") = "Api", "Api", "{72E5102A-E56B-4066-AD30-D3541F61F40E}"
EndProject
Project("{9A19103F-16F7-4668-BE54-9A1E7A4F7556}") = "Qel.Api.Transport.RabbitMq.Client", "Api\Qel.Api.Transport.RabbitMq.Client\Qel.Api.Transport.RabbitMq.Client.csproj", "{678AB69B-3606-4A53-BF5F-9B87F46C5E55}"
EndProject
Project("{9A19103F-16F7-4668-BE54-9A1E7A4F7556}") = "Qel.Api.Transport", "Api\Qel.Api.Transport\Qel.Api.Transport.csproj", "{99098D64-9F3F-4434-8545-BFE3E87752D8}"
EndProject
Project("{9A19103F-16F7-4668-BE54-9A1E7A4F7556}") = "Qel.Common.Console.Hosting.RabbitMq", "Common\Qel.Common.Console.Hosting.RabbitMq\Qel.Common.Console.Hosting.RabbitMq.csproj", "{4EFC6224-2314-4624-807F-5FEBB501FE58}"
EndProject
Project("{9A19103F-16F7-4668-BE54-9A1E7A4F7556}") = "Qel.Common.Console.Hosting", "Common\Qel.Common.Console.Hosting\Qel.Common.Console.Hosting.csproj", "{5CFE6A25-55AA-440E-A212-39B52A30E811}"
EndProject
Project("{FAE04EC0-301F-11D3-BF4B-00C04F79EFBC}") = "Qel.Ef.DesignTimeUtils", "Db\Qel.Ef.DesignTimeUtils\Qel.Ef.DesignTimeUtils.csproj", "{599CD79B-F7C0-48EA-9DE2-CD19B1495151}"
EndProject
Project("{FAE04EC0-301F-11D3-BF4B-00C04F79EFBC}") = "Qel.Ef.Test.ConsoleApp", "Source\Qel.Ef.Test.ConsoleApp\Qel.Ef.Test.ConsoleApp.csproj", "{D82BB483-DBA8-4145-8994-F7062D931C27}"
EndProject
Project("{FAE04EC0-301F-11D3-BF4B-00C04F79EFBC}") = "Qel.Experiments.Web.Rest.PassportProviderApi", "Source\Qel.Experiments.Web.Rest.PassportProviderApi\Qel.Experiments.Web.Rest.PassportProviderApi.csproj", "{5F2460B7-E167-432A-9E38-048A3342CDDA}"
EndProject
Project("{FAE04EC0-301F-11D3-BF4B-00C04F79EFBC}") = "Qel.Ef.DbClient", "Db\Qel.Ef.DbClient\Qel.Ef.DbClient.csproj", "{E04C5780-9E60-48E3-B251-2F6647EB86BF}"
EndProject
Project("{FAE04EC0-301F-11D3-BF4B-00C04F79EFBC}") = "Qel.Experiments.Web.Rest.BlacklistApi", "Source\Qel.Experiments.Web.Rest.BlacklistApi\Qel.Experiments.Web.Rest.BlacklistApi.csproj", "{2DAA40F2-D0EA-4CBF-90EC-C0DAE80237BF}"
EndProject
Project("{FAE04EC0-301F-11D3-BF4B-00C04F79EFBC}") = "Qel.Experiments.Web.Rest.GatewayApi", "Source\Qel.Experiments.Web.Rest.GatewayApi\Qel.Experiments.Web.Rest.GatewayApi.csproj", "{1690CE9A-1A29-443F-A32C-D86FA7D0FFD2}"
EndProject
Global
	GlobalSection(SolutionConfigurationPlatforms) = preSolution
		Debug|Any CPU = Debug|Any CPU
		Release|Any CPU = Release|Any CPU
	EndGlobalSection
	GlobalSection(ProjectConfigurationPlatforms) = postSolution
		{D1D4319A-DDF0-40D7-8174-A77777929054}.Debug|Any CPU.ActiveCfg = Debug|Any CPU
		{D1D4319A-DDF0-40D7-8174-A77777929054}.Debug|Any CPU.Build.0 = Debug|Any CPU
		{D1D4319A-DDF0-40D7-8174-A77777929054}.Release|Any CPU.ActiveCfg = Release|Any CPU
		{D1D4319A-DDF0-40D7-8174-A77777929054}.Release|Any CPU.Build.0 = Release|Any CPU
		{41B38B41-DFC4-4961-9A6E-E445B91A3C2A}.Debug|Any CPU.ActiveCfg = Debug|Any CPU
		{41B38B41-DFC4-4961-9A6E-E445B91A3C2A}.Debug|Any CPU.Build.0 = Debug|Any CPU
		{41B38B41-DFC4-4961-9A6E-E445B91A3C2A}.Release|Any CPU.ActiveCfg = Release|Any CPU
		{41B38B41-DFC4-4961-9A6E-E445B91A3C2A}.Release|Any CPU.Build.0 = Release|Any CPU
		{7E3289D2-8FB9-4588-B86A-CCFCE6699CE9}.Debug|Any CPU.ActiveCfg = Debug|Any CPU
		{7E3289D2-8FB9-4588-B86A-CCFCE6699CE9}.Debug|Any CPU.Build.0 = Debug|Any CPU
		{7E3289D2-8FB9-4588-B86A-CCFCE6699CE9}.Release|Any CPU.ActiveCfg = Release|Any CPU
		{7E3289D2-8FB9-4588-B86A-CCFCE6699CE9}.Release|Any CPU.Build.0 = Release|Any CPU
		{D2289E62-CBE1-40DD-BA24-4DB4AEB735D1}.Debug|Any CPU.ActiveCfg = Debug|Any CPU
		{D2289E62-CBE1-40DD-BA24-4DB4AEB735D1}.Debug|Any CPU.Build.0 = Debug|Any CPU
		{D2289E62-CBE1-40DD-BA24-4DB4AEB735D1}.Release|Any CPU.ActiveCfg = Release|Any CPU
		{D2289E62-CBE1-40DD-BA24-4DB4AEB735D1}.Release|Any CPU.Build.0 = Release|Any CPU
		{BA486A86-2568-4128-99AF-CD0BEB4947B1}.Debug|Any CPU.ActiveCfg = Debug|Any CPU
		{BA486A86-2568-4128-99AF-CD0BEB4947B1}.Debug|Any CPU.Build.0 = Debug|Any CPU
		{BA486A86-2568-4128-99AF-CD0BEB4947B1}.Release|Any CPU.ActiveCfg = Release|Any CPU
		{BA486A86-2568-4128-99AF-CD0BEB4947B1}.Release|Any CPU.Build.0 = Release|Any CPU
		{5B74739C-1B56-4C65-943F-C79DD95DBE63}.Debug|Any CPU.ActiveCfg = Debug|Any CPU
		{5B74739C-1B56-4C65-943F-C79DD95DBE63}.Debug|Any CPU.Build.0 = Debug|Any CPU
		{5B74739C-1B56-4C65-943F-C79DD95DBE63}.Release|Any CPU.ActiveCfg = Release|Any CPU
		{5B74739C-1B56-4C65-943F-C79DD95DBE63}.Release|Any CPU.Build.0 = Release|Any CPU
		{678AB69B-3606-4A53-BF5F-9B87F46C5E55}.Debug|Any CPU.ActiveCfg = Debug|Any CPU
		{678AB69B-3606-4A53-BF5F-9B87F46C5E55}.Debug|Any CPU.Build.0 = Debug|Any CPU
		{678AB69B-3606-4A53-BF5F-9B87F46C5E55}.Release|Any CPU.ActiveCfg = Release|Any CPU
		{678AB69B-3606-4A53-BF5F-9B87F46C5E55}.Release|Any CPU.Build.0 = Release|Any CPU
		{99098D64-9F3F-4434-8545-BFE3E87752D8}.Debug|Any CPU.ActiveCfg = Debug|Any CPU
		{99098D64-9F3F-4434-8545-BFE3E87752D8}.Debug|Any CPU.Build.0 = Debug|Any CPU
		{99098D64-9F3F-4434-8545-BFE3E87752D8}.Release|Any CPU.ActiveCfg = Release|Any CPU
		{99098D64-9F3F-4434-8545-BFE3E87752D8}.Release|Any CPU.Build.0 = Release|Any CPU
		{4EFC6224-2314-4624-807F-5FEBB501FE58}.Debug|Any CPU.ActiveCfg = Debug|Any CPU
		{4EFC6224-2314-4624-807F-5FEBB501FE58}.Debug|Any CPU.Build.0 = Debug|Any CPU
		{4EFC6224-2314-4624-807F-5FEBB501FE58}.Release|Any CPU.ActiveCfg = Release|Any CPU
		{4EFC6224-2314-4624-807F-5FEBB501FE58}.Release|Any CPU.Build.0 = Release|Any CPU
		{5CFE6A25-55AA-440E-A212-39B52A30E811}.Debug|Any CPU.ActiveCfg = Debug|Any CPU
		{5CFE6A25-55AA-440E-A212-39B52A30E811}.Debug|Any CPU.Build.0 = Debug|Any CPU
		{5CFE6A25-55AA-440E-A212-39B52A30E811}.Release|Any CPU.ActiveCfg = Release|Any CPU
		{5CFE6A25-55AA-440E-A212-39B52A30E811}.Release|Any CPU.Build.0 = Release|Any CPU
		{599CD79B-F7C0-48EA-9DE2-CD19B1495151}.Debug|Any CPU.ActiveCfg = Debug|Any CPU
		{599CD79B-F7C0-48EA-9DE2-CD19B1495151}.Debug|Any CPU.Build.0 = Debug|Any CPU
		{599CD79B-F7C0-48EA-9DE2-CD19B1495151}.Release|Any CPU.ActiveCfg = Release|Any CPU
		{599CD79B-F7C0-48EA-9DE2-CD19B1495151}.Release|Any CPU.Build.0 = Release|Any CPU
		{D82BB483-DBA8-4145-8994-F7062D931C27}.Debug|Any CPU.ActiveCfg = Debug|Any CPU
		{D82BB483-DBA8-4145-8994-F7062D931C27}.Debug|Any CPU.Build.0 = Debug|Any CPU
		{D82BB483-DBA8-4145-8994-F7062D931C27}.Release|Any CPU.ActiveCfg = Release|Any CPU
		{D82BB483-DBA8-4145-8994-F7062D931C27}.Release|Any CPU.Build.0 = Release|Any CPU
		{5F2460B7-E167-432A-9E38-048A3342CDDA}.Debug|Any CPU.ActiveCfg = Debug|Any CPU
		{5F2460B7-E167-432A-9E38-048A3342CDDA}.Debug|Any CPU.Build.0 = Debug|Any CPU
		{5F2460B7-E167-432A-9E38-048A3342CDDA}.Release|Any CPU.ActiveCfg = Release|Any CPU
		{5F2460B7-E167-432A-9E38-048A3342CDDA}.Release|Any CPU.Build.0 = Release|Any CPU
		{E04C5780-9E60-48E3-B251-2F6647EB86BF}.Debug|Any CPU.ActiveCfg = Debug|Any CPU
		{E04C5780-9E60-48E3-B251-2F6647EB86BF}.Debug|Any CPU.Build.0 = Debug|Any CPU
		{E04C5780-9E60-48E3-B251-2F6647EB86BF}.Release|Any CPU.ActiveCfg = Release|Any CPU
		{E04C5780-9E60-48E3-B251-2F6647EB86BF}.Release|Any CPU.Build.0 = Release|Any CPU
		{2DAA40F2-D0EA-4CBF-90EC-C0DAE80237BF}.Debug|Any CPU.ActiveCfg = Debug|Any CPU
		{2DAA40F2-D0EA-4CBF-90EC-C0DAE80237BF}.Debug|Any CPU.Build.0 = Debug|Any CPU
		{2DAA40F2-D0EA-4CBF-90EC-C0DAE80237BF}.Release|Any CPU.ActiveCfg = Release|Any CPU
		{2DAA40F2-D0EA-4CBF-90EC-C0DAE80237BF}.Release|Any CPU.Build.0 = Release|Any CPU
		{1690CE9A-1A29-443F-A32C-D86FA7D0FFD2}.Debug|Any CPU.ActiveCfg = Debug|Any CPU
		{1690CE9A-1A29-443F-A32C-D86FA7D0FFD2}.Debug|Any CPU.Build.0 = Debug|Any CPU
		{1690CE9A-1A29-443F-A32C-D86FA7D0FFD2}.Release|Any CPU.ActiveCfg = Release|Any CPU
		{1690CE9A-1A29-443F-A32C-D86FA7D0FFD2}.Release|Any CPU.Build.0 = Release|Any CPU
	EndGlobalSection
	GlobalSection(SolutionProperties) = preSolution
		HideSolutionNode = FALSE
	EndGlobalSection
	GlobalSection(NestedProjects) = preSolution
		{D1D4319A-DDF0-40D7-8174-A77777929054} = {C1CD0BF1-8FBC-4AC4-B625-1781F8E24511}
		{41B38B41-DFC4-4961-9A6E-E445B91A3C2A} = {C1CD0BF1-8FBC-4AC4-B625-1781F8E24511}
		{A466E1E4-58C4-4E46-B05A-3BE27AB95509} = {C1CD0BF1-8FBC-4AC4-B625-1781F8E24511}
		{7E3289D2-8FB9-4588-B86A-CCFCE6699CE9} = {A466E1E4-58C4-4E46-B05A-3BE27AB95509}
		{D2289E62-CBE1-40DD-BA24-4DB4AEB735D1} = {A466E1E4-58C4-4E46-B05A-3BE27AB95509}
		{BA486A86-2568-4128-99AF-CD0BEB4947B1} = {A466E1E4-58C4-4E46-B05A-3BE27AB95509}
		{5B74739C-1B56-4C65-943F-C79DD95DBE63} = {FCD5B5C7-207D-46E6-BC38-0B2C824C5FA6}
		{678AB69B-3606-4A53-BF5F-9B87F46C5E55} = {72E5102A-E56B-4066-AD30-D3541F61F40E}
		{99098D64-9F3F-4434-8545-BFE3E87752D8} = {72E5102A-E56B-4066-AD30-D3541F61F40E}
		{4EFC6224-2314-4624-807F-5FEBB501FE58} = {FCD5B5C7-207D-46E6-BC38-0B2C824C5FA6}
		{5CFE6A25-55AA-440E-A212-39B52A30E811} = {FCD5B5C7-207D-46E6-BC38-0B2C824C5FA6}
		{599CD79B-F7C0-48EA-9DE2-CD19B1495151} = {C1CD0BF1-8FBC-4AC4-B625-1781F8E24511}
		{D82BB483-DBA8-4145-8994-F7062D931C27} = {BA510D8A-3134-4CCE-BD1D-8683B6DB1679}
		{5F2460B7-E167-432A-9E38-048A3342CDDA} = {BA510D8A-3134-4CCE-BD1D-8683B6DB1679}
		{E04C5780-9E60-48E3-B251-2F6647EB86BF} = {C1CD0BF1-8FBC-4AC4-B625-1781F8E24511}
		{2DAA40F2-D0EA-4CBF-90EC-C0DAE80237BF} = {BA510D8A-3134-4CCE-BD1D-8683B6DB1679}
		{1690CE9A-1A29-443F-A32C-D86FA7D0FFD2} = {BA510D8A-3134-4CCE-BD1D-8683B6DB1679}
	EndGlobalSection
	GlobalSection(ExtensibilityGlobals) = postSolution
		SolutionGuid = {9BFF06EB-4E48-4C0A-9A77-540C0E1FB67A}
	EndGlobalSection
EndGlobal
